
Microsoft Visual Studio Solution File, Format Version 12.00
# Visual Studio 2012
Project("{FAE04EC0-301F-11D3-BF4B-00C04F79EFBC}") = "AnyWindowScrobbler", "AnyWindowScrobbler\AnyWindowScrobbler.csproj", "{3A4081F9-9BB0-4C14-BCE5-87DD7F8380E8}"
EndProject
Global
	GlobalSection(SolutionConfigurationPlatforms) = preSolution
		Debug|Any CPU = Debug|Any CPU
		Debug|x64 = Debug|x64
		Release|Any CPU = Release|Any CPU
		Release|x64 = Release|x64
	EndGlobalSection
	GlobalSection(ProjectConfigurationPlatforms) = postSolution
		{3A4081F9-9BB0-4C14-BCE5-87DD7F8380E8}.Debug|Any CPU.ActiveCfg = Debug|Any CPU
		{3A4081F9-9BB0-4C14-BCE5-87DD7F8380E8}.Debug|Any CPU.Build.0 = Debug|Any CPU
		{3A4081F9-9BB0-4C14-BCE5-87DD7F8380E8}.Debug|x64.ActiveCfg = Debug|x64
		{3A4081F9-9BB0-4C14-BCE5-87DD7F8380E8}.Debug|x64.Build.0 = Debug|x64
		{3A4081F9-9BB0-4C14-BCE5-87DD7F8380E8}.Release|Any CPU.ActiveCfg = Release|Any CPU
		{3A4081F9-9BB0-4C14-BCE5-87DD7F8380E8}.Release|Any CPU.Build.0 = Release|Any CPU
		{3A4081F9-9BB0-4C14-BCE5-87DD7F8380E8}.Release|x64.ActiveCfg = Release|x64
		{3A4081F9-9BB0-4C14-BCE5-87DD7F8380E8}.Release|x64.Build.0 = Release|x64
	EndGlobalSection
	GlobalSection(SolutionProperties) = preSolution
		HideSolutionNode = FALSE
	EndGlobalSection
EndGlobal
